// !$*UTF8*$!
{
	archiveVersion = 1;
	classes = {
	};
	objectVersion = 46;
	objects = {

/* Begin PBXBuildFile section */
		487869821C4C230200E09C7A /* AppDelegate.swift in Sources */ = {isa = PBXBuildFile; fileRef = 487869811C4C230200E09C7A /* AppDelegate.swift */; };
		487869841C4C230200E09C7A /* ViewController.swift in Sources */ = {isa = PBXBuildFile; fileRef = 487869831C4C230200E09C7A /* ViewController.swift */; };
		487869871C4C230200E09C7A /* Main.storyboard in Resources */ = {isa = PBXBuildFile; fileRef = 487869851C4C230200E09C7A /* Main.storyboard */; };
		487869891C4C230200E09C7A /* Assets.xcassets in Resources */ = {isa = PBXBuildFile; fileRef = 487869881C4C230200E09C7A /* Assets.xcassets */; };
		4878698C1C4C230200E09C7A /* LaunchScreen.storyboard in Resources */ = {isa = PBXBuildFile; fileRef = 4878698A1C4C230200E09C7A /* LaunchScreen.storyboard */; };
		487869971C4C230200E09C7A /* ReactiveDemoTests.swift in Sources */ = {isa = PBXBuildFile; fileRef = 487869961C4C230200E09C7A /* ReactiveDemoTests.swift */; };
		487869A21C4C230200E09C7A /* ReactiveDemoUITests.swift in Sources */ = {isa = PBXBuildFile; fileRef = 487869A11C4C230200E09C7A /* ReactiveDemoUITests.swift */; };
/* End PBXBuildFile section */

/* Begin PBXContainerItemProxy section */
		487869931C4C230200E09C7A /* PBXContainerItemProxy */ = {
			isa = PBXContainerItemProxy;
			containerPortal = 487869761C4C230200E09C7A /* Project object */;
			proxyType = 1;
			remoteGlobalIDString = 4878697D1C4C230200E09C7A;
			remoteInfo = ReactiveDemo;
		};
		4878699E1C4C230200E09C7A /* PBXContainerItemProxy */ = {
			isa = PBXContainerItemProxy;
			containerPortal = 487869761C4C230200E09C7A /* Project object */;
			proxyType = 1;
			remoteGlobalIDString = 4878697D1C4C230200E09C7A;
			remoteInfo = ReactiveDemo;
		};
/* End PBXContainerItemProxy section */

/* Begin PBXFileReference section */
		4878697E1C4C230200E09C7A /* ReactiveDemo.app */ = {isa = PBXFileReference; explicitFileType = wrapper.application; includeInIndex = 0; path = ReactiveDemo.app; sourceTree = BUILT_PRODUCTS_DIR; };
		487869811C4C230200E09C7A /* AppDelegate.swift */ = {isa = PBXFileReference; lastKnownFileType = sourcecode.swift; path = AppDelegate.swift; sourceTree = "<group>"; };
		487869831C4C230200E09C7A /* ViewController.swift */ = {isa = PBXFileReference; lastKnownFileType = sourcecode.swift; path = ViewController.swift; sourceTree = "<group>"; };
		487869861C4C230200E09C7A /* Base */ = {isa = PBXFileReference; lastKnownFileType = file.storyboard; name = Base; path = Base.lproj/Main.storyboard; sourceTree = "<group>"; };
		487869881C4C230200E09C7A /* Assets.xcassets */ = {isa = PBXFileReference; lastKnownFileType = folder.assetcatalog; path = Assets.xcassets; sourceTree = "<group>"; };
		4878698B1C4C230200E09C7A /* Base */ = {isa = PBXFileReference; lastKnownFileType = file.storyboard; name = Base; path = Base.lproj/LaunchScreen.storyboard; sourceTree = "<group>"; };
		4878698D1C4C230200E09C7A /* Info.plist */ = {isa = PBXFileReference; lastKnownFileType = text.plist.xml; path = Info.plist; sourceTree = "<group>"; };
		487869921C4C230200E09C7A /* ReactiveDemoTests.xctest */ = {isa = PBXFileReference; explicitFileType = wrapper.cfbundle; includeInIndex = 0; path = ReactiveDemoTests.xctest; sourceTree = BUILT_PRODUCTS_DIR; };
		487869961C4C230200E09C7A /* ReactiveDemoTests.swift */ = {isa = PBXFileReference; lastKnownFileType = sourcecode.swift; path = ReactiveDemoTests.swift; sourceTree = "<group>"; };
		487869981C4C230200E09C7A /* Info.plist */ = {isa = PBXFileReference; lastKnownFileType = text.plist.xml; path = Info.plist; sourceTree = "<group>"; };
		4878699D1C4C230200E09C7A /* ReactiveDemoUITests.xctest */ = {isa = PBXFileReference; explicitFileType = wrapper.cfbundle; includeInIndex = 0; path = ReactiveDemoUITests.xctest; sourceTree = BUILT_PRODUCTS_DIR; };
		487869A11C4C230200E09C7A /* ReactiveDemoUITests.swift */ = {isa = PBXFileReference; lastKnownFileType = sourcecode.swift; path = ReactiveDemoUITests.swift; sourceTree = "<group>"; };
		487869A31C4C230200E09C7A /* Info.plist */ = {isa = PBXFileReference; lastKnownFileType = text.plist.xml; path = Info.plist; sourceTree = "<group>"; };
/* End PBXFileReference section */

/* Begin PBXFrameworksBuildPhase section */
		4878697B1C4C230200E09C7A /* Frameworks */ = {
			isa = PBXFrameworksBuildPhase;
			buildActionMask = 2147483647;
			files = (
			);
			runOnlyForDeploymentPostprocessing = 0;
		};
		4878698F1C4C230200E09C7A /* Frameworks */ = {
			isa = PBXFrameworksBuildPhase;
			buildActionMask = 2147483647;
			files = (
			);
			runOnlyForDeploymentPostprocessing = 0;
		};
		4878699A1C4C230200E09C7A /* Frameworks */ = {
			isa = PBXFrameworksBuildPhase;
			buildActionMask = 2147483647;
			files = (
			);
			runOnlyForDeploymentPostprocessing = 0;
		};
/* End PBXFrameworksBuildPhase section */

/* Begin PBXGroup section */
		487869751C4C230200E09C7A = {
			isa = PBXGroup;
			children = (
				487869801C4C230200E09C7A /* ReactiveDemo */,
				487869951C4C230200E09C7A /* ReactiveDemoTests */,
				487869A01C4C230200E09C7A /* ReactiveDemoUITests */,
				4878697F1C4C230200E09C7A /* Products */,
			);
			sourceTree = "<group>";
		};
		4878697F1C4C230200E09C7A /* Products */ = {
			isa = PBXGroup;
			children = (
				4878697E1C4C230200E09C7A /* ReactiveDemo.app */,
				487869921C4C230200E09C7A /* ReactiveDemoTests.xctest */,
				4878699D1C4C230200E09C7A /* ReactiveDemoUITests.xctest */,
			);
			name = Products;
			sourceTree = "<group>";
		};
		487869801C4C230200E09C7A /* ReactiveDemo */ = {
			isa = PBXGroup;
			children = (
				487869811C4C230200E09C7A /* AppDelegate.swift */,
				487869831C4C230200E09C7A /* ViewController.swift */,
				487869851C4C230200E09C7A /* Main.storyboard */,
				487869881C4C230200E09C7A /* Assets.xcassets */,
				4878698A1C4C230200E09C7A /* LaunchScreen.storyboard */,
				4878698D1C4C230200E09C7A /* Info.plist */,
			);
			path = ReactiveDemo;
			sourceTree = "<group>";
		};
		487869951C4C230200E09C7A /* ReactiveDemoTests */ = {
			isa = PBXGroup;
			children = (
				487869961C4C230200E09C7A /* ReactiveDemoTests.swift */,
				487869981C4C230200E09C7A /* Info.plist */,
			);
			path = ReactiveDemoTests;
			sourceTree = "<group>";
		};
		487869A01C4C230200E09C7A /* ReactiveDemoUITests */ = {
			isa = PBXGroup;
			children = (
				487869A11C4C230200E09C7A /* ReactiveDemoUITests.swift */,
				487869A31C4C230200E09C7A /* Info.plist */,
			);
			path = ReactiveDemoUITests;
			sourceTree = "<group>";
		};
/* End PBXGroup section */

/* Begin PBXNativeTarget section */
		4878697D1C4C230200E09C7A /* ReactiveDemo */ = {
			isa = PBXNativeTarget;
			buildConfigurationList = 487869A61C4C230200E09C7A /* Build configuration list for PBXNativeTarget "ReactiveDemo" */;
			buildPhases = (
				4878697A1C4C230200E09C7A /* Sources */,
				4878697B1C4C230200E09C7A /* Frameworks */,
				4878697C1C4C230200E09C7A /* Resources */,
			);
			buildRules = (
			);
			dependencies = (
			);
			name = ReactiveDemo;
			productName = ReactiveDemo;
			productReference = 4878697E1C4C230200E09C7A /* ReactiveDemo.app */;
			productType = "com.apple.product-type.application";
		};
		487869911C4C230200E09C7A /* ReactiveDemoTests */ = {
			isa = PBXNativeTarget;
			buildConfigurationList = 487869A91C4C230200E09C7A /* Build configuration list for PBXNativeTarget "ReactiveDemoTests" */;
			buildPhases = (
				4878698E1C4C230200E09C7A /* Sources */,
				4878698F1C4C230200E09C7A /* Frameworks */,
				487869901C4C230200E09C7A /* Resources */,
			);
			buildRules = (
			);
			dependencies = (
				487869941C4C230200E09C7A /* PBXTargetDependency */,
			);
			name = ReactiveDemoTests;
			productName = ReactiveDemoTests;
			productReference = 487869921C4C230200E09C7A /* ReactiveDemoTests.xctest */;
			productType = "com.apple.product-type.bundle.unit-test";
		};
		4878699C1C4C230200E09C7A /* ReactiveDemoUITests */ = {
			isa = PBXNativeTarget;
			buildConfigurationList = 487869AC1C4C230200E09C7A /* Build configuration list for PBXNativeTarget "ReactiveDemoUITests" */;
			buildPhases = (
				487869991C4C230200E09C7A /* Sources */,
				4878699A1C4C230200E09C7A /* Frameworks */,
				4878699B1C4C230200E09C7A /* Resources */,
			);
			buildRules = (
			);
			dependencies = (
				4878699F1C4C230200E09C7A /* PBXTargetDependency */,
			);
			name = ReactiveDemoUITests;
			productName = ReactiveDemoUITests;
			productReference = 4878699D1C4C230200E09C7A /* ReactiveDemoUITests.xctest */;
			productType = "com.apple.product-type.bundle.ui-testing";
		};
/* End PBXNativeTarget section */

/* Begin PBXProject section */
		487869761C4C230200E09C7A /* Project object */ = {
			isa = PBXProject;
			attributes = {
				LastSwiftUpdateCheck = 0720;
				LastUpgradeCheck = 0720;
				ORGANIZATIONNAME = "Patel, Ashish";
				TargetAttributes = {
					4878697D1C4C230200E09C7A = {
						CreatedOnToolsVersion = 7.2;
					};
					487869911C4C230200E09C7A = {
						CreatedOnToolsVersion = 7.2;
						TestTargetID = 4878697D1C4C230200E09C7A;
					};
					4878699C1C4C230200E09C7A = {
						CreatedOnToolsVersion = 7.2;
						TestTargetID = 4878697D1C4C230200E09C7A;
					};
				};
			};
			buildConfigurationList = 487869791C4C230200E09C7A /* Build configuration list for PBXProject "ReactiveDemo" */;
			compatibilityVersion = "Xcode 3.2";
			developmentRegion = English;
			hasScannedForEncodings = 0;
			knownRegions = (
				en,
				Base,
			);
			mainGroup = 487869751C4C230200E09C7A;
			productRefGroup = 4878697F1C4C230200E09C7A /* Products */;
			projectDirPath = "";
			projectRoot = "";
			targets = (
				4878697D1C4C230200E09C7A /* ReactiveDemo */,
				487869911C4C230200E09C7A /* ReactiveDemoTests */,
				4878699C1C4C230200E09C7A /* ReactiveDemoUITests */,
			);
		};
/* End PBXProject section */

/* Begin PBXResourcesBuildPhase section */
		4878697C1C4C230200E09C7A /* Resources */ = {
			isa = PBXResourcesBuildPhase;
			buildActionMask = 2147483647;
			files = (
				4878698C1C4C230200E09C7A /* LaunchScreen.storyboard in Resources */,
				487869891C4C230200E09C7A /* Assets.xcassets in Resources */,
				487869871C4C230200E09C7A /* Main.storyboard in Resources */,
			);
			runOnlyForDeploymentPostprocessing = 0;
		};
		487869901C4C230200E09C7A /* Resources */ = {
			isa = PBXResourcesBuildPhase;
			buildActionMask = 2147483647;
			files = (
			);
			runOnlyForDeploymentPostprocessing = 0;
		};
		4878699B1C4C230200E09C7A /* Resources */ = {
			isa = PBXResourcesBuildPhase;
			buildActionMask = 2147483647;
			files = (
			);
			runOnlyForDeploymentPostprocessing = 0;
		};
/* End PBXResourcesBuildPhase section */

/* Begin PBXSourcesBuildPhase section */
		4878697A1C4C230200E09C7A /* Sources */ = {
			isa = PBXSourcesBuildPhase;
			buildActionMask = 2147483647;
			files = (
				487869841C4C230200E09C7A /* ViewController.swift in Sources */,
				487869821C4C230200E09C7A /* AppDelegate.swift in Sources */,
			);
			runOnlyForDeploymentPostprocessing = 0;
		};
		4878698E1C4C230200E09C7A /* Sources */ = {
			isa = PBXSourcesBuildPhase;
			buildActionMask = 2147483647;
			files = (
				487869971C4C230200E09C7A /* ReactiveDemoTests.swift in Sources */,
			);
			runOnlyForDeploymentPostprocessing = 0;
		};
		487869991C4C230200E09C7A /* Sources */ = {
			isa = PBXSourcesBuildPhase;
			buildActionMask = 2147483647;
			files = (
				487869A21C4C230200E09C7A /* ReactiveDemoUITests.swift in Sources */,
			);
			runOnlyForDeploymentPostprocessing = 0;
		};
/* End PBXSourcesBuildPhase section */

/* Begin PBXTargetDependency section */
		487869941C4C230200E09C7A /* PBXTargetDependency */ = {
			isa = PBXTargetDependency;
			target = 4878697D1C4C230200E09C7A /* ReactiveDemo */;
			targetProxy = 487869931C4C230200E09C7A /* PBXContainerItemProxy */;
		};
		4878699F1C4C230200E09C7A /* PBXTargetDependency */ = {
			isa = PBXTargetDependency;
			target = 4878697D1C4C230200E09C7A /* ReactiveDemo */;
			targetProxy = 4878699E1C4C230200E09C7A /* PBXContainerItemProxy */;
		};
/* End PBXTargetDependency section */

/* Begin PBXVariantGroup section */
		487869851C4C230200E09C7A /* Main.storyboard */ = {
			isa = PBXVariantGroup;
			children = (
				487869861C4C230200E09C7A /* Base */,
			);
			name = Main.storyboard;
			sourceTree = "<group>";
		};
		4878698A1C4C230200E09C7A /* LaunchScreen.storyboard */ = {
			isa = PBXVariantGroup;
			children = (
				4878698B1C4C230200E09C7A /* Base */,
			);
			name = LaunchScreen.storyboard;
			sourceTree = "<group>";
		};
/* End PBXVariantGroup section */

/* Begin XCBuildConfiguration section */
		487869A41C4C230200E09C7A /* Debug */ = {
			isa = XCBuildConfiguration;
			buildSettings = {
				ALWAYS_SEARCH_USER_PATHS = NO;
				CLANG_CXX_LANGUAGE_STANDARD = "gnu++0x";
				CLANG_CXX_LIBRARY = "libc++";
				CLANG_ENABLE_MODULES = YES;
				CLANG_ENABLE_OBJC_ARC = YES;
				CLANG_WARN_BOOL_CONVERSION = YES;
				CLANG_WARN_CONSTANT_CONVERSION = YES;
				CLANG_WARN_DIRECT_OBJC_ISA_USAGE = YES_ERROR;
				CLANG_WARN_EMPTY_BODY = YES;
				CLANG_WARN_ENUM_CONVERSION = YES;
				CLANG_WARN_INT_CONVERSION = YES;
				CLANG_WARN_OBJC_ROOT_CLASS = YES_ERROR;
				CLANG_WARN_UNREACHABLE_CODE = YES;
				CLANG_WARN__DUPLICATE_METHOD_MATCH = YES;
				"CODE_SIGN_IDENTITY[sdk=iphoneos*]" = "iPhone Developer";
				COPY_PHASE_STRIP = NO;
				DEBUG_INFORMATION_FORMAT = dwarf;
				ENABLE_STRICT_OBJC_MSGSEND = YES;
				ENABLE_TESTABILITY = YES;
				GCC_C_LANGUAGE_STANDARD = gnu99;
				GCC_DYNAMIC_NO_PIC = NO;
				GCC_NO_COMMON_BLOCKS = YES;
				GCC_OPTIMIZATION_LEVEL = 0;
				GCC_PREPROCESSOR_DEFINITIONS = (
					"DEBUG=1",
					"$(inherited)",
				);
				GCC_WARN_64_TO_32_BIT_CONVERSION = YES;
				GCC_WARN_ABOUT_RETURN_TYPE = YES_ERROR;
				GCC_WARN_UNDECLARED_SELECTOR = YES;
				GCC_WARN_UNINITIALIZED_AUTOS = YES_AGGRESSIVE;
				GCC_WARN_UNUSED_FUNCTION = YES;
				GCC_WARN_UNUSED_VARIABLE = YES;
				IPHONEOS_DEPLOYMENT_TARGET = 9.2;
				MTL_ENABLE_DEBUG_INFO = YES;
				ONLY_ACTIVE_ARCH = YES;
				SDKROOT = iphoneos;
				SWIFT_OPTIMIZATION_LEVEL = "-Onone";
			};
			name = Debug;
		};
		487869A51C4C230200E09C7A /* Release */ = {
			isa = XCBuildConfiguration;
			buildSettings = {
				ALWAYS_SEARCH_USER_PATHS = NO;
				CLANG_CXX_LANGUAGE_STANDARD = "gnu++0x";
				CLANG_CXX_LIBRARY = "libc++";
				CLANG_ENABLE_MODULES = YES;
				CLANG_ENABLE_OBJC_ARC = YES;
				CLANG_WARN_BOOL_CONVERSION = YES;
				CLANG_WARN_CONSTANT_CONVERSION = YES;
				CLANG_WARN_DIRECT_OBJC_ISA_USAGE = YES_ERROR;
				CLANG_WARN_EMPTY_BODY = YES;
				CLANG_WARN_ENUM_CONVERSION = YES;
				CLANG_WARN_INT_CONVERSION = YES;
				CLANG_WARN_OBJC_ROOT_CLASS = YES_ERROR;
				CLANG_WARN_UNREACHABLE_CODE = YES;
				CLANG_WARN__DUPLICATE_METHOD_MATCH = YES;
				"CODE_SIGN_IDENTITY[sdk=iphoneos*]" = "iPhone Developer";
				COPY_PHASE_STRIP = NO;
				DEBUG_INFORMATION_FORMAT = "dwarf-with-dsym";
				ENABLE_NS_ASSERTIONS = NO;
				ENABLE_STRICT_OBJC_MSGSEND = YES;
				GCC_C_LANGUAGE_STANDARD = gnu99;
				GCC_NO_COMMON_BLOCKS = YES;
				GCC_WARN_64_TO_32_BIT_CONVERSION = YES;
				GCC_WARN_ABOUT_RETURN_TYPE = YES_ERROR;
				GCC_WARN_UNDECLARED_SELECTOR = YES;
				GCC_WARN_UNINITIALIZED_AUTOS = YES_AGGRESSIVE;
				GCC_WARN_UNUSED_FUNCTION = YES;
				GCC_WARN_UNUSED_VARIABLE = YES;
				IPHONEOS_DEPLOYMENT_TARGET = 9.2;
				MTL_ENABLE_DEBUG_INFO = NO;
				SDKROOT = iphoneos;
				VALIDATE_PRODUCT = YES;
			};
			name = Release;
		};
		487869A71C4C230200E09C7A /* Debug */ = {
			isa = XCBuildConfiguration;
			buildSettings = {
				ASSETCATALOG_COMPILER_APPICON_NAME = AppIcon;
				INFOPLIST_FILE = ReactiveDemo/Info.plist;
				LD_RUNPATH_SEARCH_PATHS = "$(inherited) @executable_path/Frameworks";
				PRODUCT_BUNDLE_IDENTIFIER = com.avgtechie.ReactiveDemo;
				PRODUCT_NAME = "$(TARGET_NAME)";
			};
			name = Debug;
		};
		487869A81C4C230200E09C7A /* Release */ = {
			isa = XCBuildConfiguration;
			buildSettings = {
				ASSETCATALOG_COMPILER_APPICON_NAME = AppIcon;
				INFOPLIST_FILE = ReactiveDemo/Info.plist;
				LD_RUNPATH_SEARCH_PATHS = "$(inherited) @executable_path/Frameworks";
				PRODUCT_BUNDLE_IDENTIFIER = com.avgtechie.ReactiveDemo;
				PRODUCT_NAME = "$(TARGET_NAME)";
			};
			name = Release;
		};
		487869AA1C4C230200E09C7A /* Debug */ = {
			isa = XCBuildConfiguration;
			buildSettings = {
				BUNDLE_LOADER = "$(TEST_HOST)";
				INFOPLIST_FILE = ReactiveDemoTests/Info.plist;
				LD_RUNPATH_SEARCH_PATHS = "$(inherited) @executable_path/Frameworks @loader_path/Frameworks";
				PRODUCT_BUNDLE_IDENTIFIER = com.avgtechie.ReactiveDemoTests;
				PRODUCT_NAME = "$(TARGET_NAME)";
				TEST_HOST = "$(BUILT_PRODUCTS_DIR)/ReactiveDemo.app/ReactiveDemo";
			};
			name = Debug;
		};
		487869AB1C4C230200E09C7A /* Release */ = {
			isa = XCBuildConfiguration;
			buildSettings = {
				BUNDLE_LOADER = "$(TEST_HOST)";
				INFOPLIST_FILE = ReactiveDemoTests/Info.plist;
				LD_RUNPATH_SEARCH_PATHS = "$(inherited) @executable_path/Frameworks @loader_path/Frameworks";
				PRODUCT_BUNDLE_IDENTIFIER = com.avgtechie.ReactiveDemoTests;
				PRODUCT_NAME = "$(TARGET_NAME)";
				TEST_HOST = "$(BUILT_PRODUCTS_DIR)/ReactiveDemo.app/ReactiveDemo";
			};
			name = Release;
		};
		487869AD1C4C230200E09C7A /* Debug */ = {
			isa = XCBuildConfiguration;
			buildSettings = {
				INFOPLIST_FILE = ReactiveDemoUITests/Info.plist;
				LD_RUNPATH_SEARCH_PATHS = "$(inherited) @executable_path/Frameworks @loader_path/Frameworks";
				PRODUCT_BUNDLE_IDENTIFIER = com.avgtechie.ReactiveDemoUITests;
				PRODUCT_NAME = "$(TARGET_NAME)";
				TEST_TARGET_NAME = ReactiveDemo;
				USES_XCTRUNNER = YES;
			};
			name = Debug;
		};
		487869AE1C4C230200E09C7A /* Release */ = {
			isa = XCBuildConfiguration;
			buildSettings = {
				INFOPLIST_FILE = ReactiveDemoUITests/Info.plist;
				LD_RUNPATH_SEARCH_PATHS = "$(inherited) @executable_path/Frameworks @loader_path/Frameworks";
				PRODUCT_BUNDLE_IDENTIFIER = com.avgtechie.ReactiveDemoUITests;
				PRODUCT_NAME = "$(TARGET_NAME)";
				TEST_TARGET_NAME = ReactiveDemo;
				USES_XCTRUNNER = YES;
			};
			name = Release;
		};
/* End XCBuildConfiguration section */

/* Begin XCConfigurationList section */
		487869791C4C230200E09C7A /* Build configuration list for PBXProject "ReactiveDemo" */ = {
			isa = XCConfigurationList;
			buildConfigurations = (
				487869A41C4C230200E09C7A /* Debug */,
				487869A51C4C230200E09C7A /* Release */,
			);
			defaultConfigurationIsVisible = 0;
			defaultConfigurationName = Release;
		};
		487869A61C4C230200E09C7A /* Build configuration list for PBXNativeTarget "ReactiveDemo" */ = {
			isa = XCConfigurationList;
			buildConfigurations = (
				487869A71C4C230200E09C7A /* Debug */,
				487869A81C4C230200E09C7A /* Release */,
			);
			defaultConfigurationIsVisible = 0;
		};
		487869A91C4C230200E09C7A /* Build configuration list for PBXNativeTarget "ReactiveDemoTests" */ = {
			isa = XCConfigurationList;
			buildConfigurations = (
				487869AA1C4C230200E09C7A /* Debug */,
				487869AB1C4C230200E09C7A /* Release */,
			);
			defaultConfigurationIsVisible = 0;
		};
		487869AC1C4C230200E09C7A /* Build configuration list for PBXNativeTarget "ReactiveDemoUITests" */ = {
			isa = XCConfigurationList;
			buildConfigurations = (
				487869AD1C4C230200E09C7A /* Debug */,
				487869AE1C4C230200E09C7A /* Release */,
			);
			defaultConfigurationIsVisible = 0;
		};
/* End XCConfigurationList section */
	};
	rootObject = 487869761C4C230200E09C7A /* Project object */;
}
